
Microsoft Visual Studio Solution File, Format Version 12.00
# Visual Studio 2013
VisualStudioVersion = 12.0.21005.1
MinimumVisualStudioVersion = 10.0.40219.1
Project("{FAE04EC0-301F-11D3-BF4B-00C04F79EFBC}") = "Assets_Loader", "Assets_Loader\Assets_Loader.csproj", "{61153F3A-B63F-4D54-91CA-C8F6903D2859}"
EndProject
Project("{FAE04EC0-301F-11D3-BF4B-00C04F79EFBC}") = "Compiler", "Compiler\Compiler.csproj", "{2241826B-FEDC-4A01-9F4A-2F2E18FD850E}"
EndProject
Global
	GlobalSection(SolutionConfigurationPlatforms) = preSolution
		Debug|Any CPU = Debug|Any CPU
		Release|Any CPU = Release|Any CPU
	EndGlobalSection
	GlobalSection(ProjectConfigurationPlatforms) = postSolution
		{61153F3A-B63F-4D54-91CA-C8F6903D2859}.Debug|Any CPU.ActiveCfg = Debug|Any CPU
		{61153F3A-B63F-4D54-91CA-C8F6903D2859}.Debug|Any CPU.Build.0 = Debug|Any CPU
		{61153F3A-B63F-4D54-91CA-C8F6903D2859}.Release|Any CPU.ActiveCfg = Release|Any CPU
		{61153F3A-B63F-4D54-91CA-C8F6903D2859}.Release|Any CPU.Build.0 = Release|Any CPU
		{2241826B-FEDC-4A01-9F4A-2F2E18FD850E}.Debug|Any CPU.ActiveCfg = Debug|Any CPU
		{2241826B-FEDC-4A01-9F4A-2F2E18FD850E}.Debug|Any CPU.Build.0 = Debug|Any CPU
		{2241826B-FEDC-4A01-9F4A-2F2E18FD850E}.Release|Any CPU.ActiveCfg = Release|Any CPU
		{2241826B-FEDC-4A01-9F4A-2F2E18FD850E}.Release|Any CPU.Build.0 = Release|Any CPU
	EndGlobalSection
	GlobalSection(SolutionProperties) = preSolution
		HideSolutionNode = FALSE
	EndGlobalSection
EndGlobal
